
Microsoft Visual Studio Solution File, Format Version 12.00
# Visual Studio 15
VisualStudioVersion = 15.0.28010.0
MinimumVisualStudioVersion = 10.0.40219.1
Project("{FAE04EC0-301F-11D3-BF4B-00C04F79EFBC}") = "WebApplication.WebApi.Template.NoAuth", "WebApplication.WebApi.Template.NoAuth\WebApplication.WebApi.Template.NoAuth.csproj", "{04B774D2-5E70-49A2-B292-8BC255FA41FF}"
EndProject
Project("{FAE04EC0-301F-11D3-BF4B-00C04F79EFBC}") = "WebApplication.WebApi.Template.IndividualAuth", "WebApplication.WebApi.Template.IndividualAuth\WebApplication.WebApi.Template.IndividualAuth.csproj", "{7336F513-CF5E-4594-9448-EC3B9A79B2BC}"
EndProject
Project("{FAE04EC0-301F-11D3-BF4B-00C04F79EFBC}") = "WebApplication.WebApi.Template.WindowsAuth", "WebApplication.WebApi.Template.WindowsAuth\WebApplication.WebApi.Template.WindowsAuth.csproj", "{9D6BD54A-598A-473E-9CD9-87E2695C5878}"
EndProject
Project("{FAE04EC0-301F-11D3-BF4B-00C04F79EFBC}") = "WebApplication.Mvc.Template.NoAuth", "WebApplication.Mvc.Template.NoAuth\WebApplication.Mvc.Template.NoAuth.csproj", "{3E9FB476-DEB7-4261-A1F9-A4044B05F216}"
EndProject
Project("{FAE04EC0-301F-11D3-BF4B-00C04F79EFBC}") = "WebApplication.Mvc.Template.IndividualAuth", "WebApplication.Mvc.Template.IndividualAuth\WebApplication.Mvc.Template.IndividualAuth.csproj", "{43282CEA-02BA-4F27-B35F-8902FA159BEC}"
EndProject
Project("{FAE04EC0-301F-11D3-BF4B-00C04F79EFBC}") = "WebApplication.Mvc.Template.WindowsAuth", "WebApplication.Mvc.Template.WindowsAuth\WebApplication.Mvc.Template.WindowsAuth.csproj", "{BA5556F5-C670-4FA0-81A5-E5A3E0677A61}"
EndProject
Project("{FAE04EC0-301F-11D3-BF4B-00C04F79EFBC}") = "WebApplication.WebForms.Template.NoAuth", "WebApplication.WebForms.Template.NoAuth\WebApplication.WebForms.Template.NoAuth.csproj", "{4A22714C-EE07-4251-9585-044E89A77DEE}"
EndProject
Global
	GlobalSection(SolutionConfigurationPlatforms) = preSolution
		Debug|Any CPU = Debug|Any CPU
		Release|Any CPU = Release|Any CPU
	EndGlobalSection
	GlobalSection(ProjectConfigurationPlatforms) = postSolution
		{04B774D2-5E70-49A2-B292-8BC255FA41FF}.Debug|Any CPU.ActiveCfg = Debug|Any CPU
		{04B774D2-5E70-49A2-B292-8BC255FA41FF}.Debug|Any CPU.Build.0 = Debug|Any CPU
		{04B774D2-5E70-49A2-B292-8BC255FA41FF}.Release|Any CPU.ActiveCfg = Release|Any CPU
		{04B774D2-5E70-49A2-B292-8BC255FA41FF}.Release|Any CPU.Build.0 = Release|Any CPU
		{7336F513-CF5E-4594-9448-EC3B9A79B2BC}.Debug|Any CPU.ActiveCfg = Debug|Any CPU
		{7336F513-CF5E-4594-9448-EC3B9A79B2BC}.Debug|Any CPU.Build.0 = Debug|Any CPU
		{7336F513-CF5E-4594-9448-EC3B9A79B2BC}.Release|Any CPU.ActiveCfg = Release|Any CPU
		{7336F513-CF5E-4594-9448-EC3B9A79B2BC}.Release|Any CPU.Build.0 = Release|Any CPU
		{9D6BD54A-598A-473E-9CD9-87E2695C5878}.Debug|Any CPU.ActiveCfg = Debug|Any CPU
		{9D6BD54A-598A-473E-9CD9-87E2695C5878}.Debug|Any CPU.Build.0 = Debug|Any CPU
		{9D6BD54A-598A-473E-9CD9-87E2695C5878}.Release|Any CPU.ActiveCfg = Release|Any CPU
		{9D6BD54A-598A-473E-9CD9-87E2695C5878}.Release|Any CPU.Build.0 = Release|Any CPU
		{3E9FB476-DEB7-4261-A1F9-A4044B05F216}.Debug|Any CPU.ActiveCfg = Debug|Any CPU
		{3E9FB476-DEB7-4261-A1F9-A4044B05F216}.Debug|Any CPU.Build.0 = Debug|Any CPU
		{3E9FB476-DEB7-4261-A1F9-A4044B05F216}.Release|Any CPU.ActiveCfg = Release|Any CPU
		{3E9FB476-DEB7-4261-A1F9-A4044B05F216}.Release|Any CPU.Build.0 = Release|Any CPU
		{43282CEA-02BA-4F27-B35F-8902FA159BEC}.Debug|Any CPU.ActiveCfg = Debug|Any CPU
		{43282CEA-02BA-4F27-B35F-8902FA159BEC}.Debug|Any CPU.Build.0 = Debug|Any CPU
		{43282CEA-02BA-4F27-B35F-8902FA159BEC}.Release|Any CPU.ActiveCfg = Release|Any CPU
		{43282CEA-02BA-4F27-B35F-8902FA159BEC}.Release|Any CPU.Build.0 = Release|Any CPU
		{BA5556F5-C670-4FA0-81A5-E5A3E0677A61}.Debug|Any CPU.ActiveCfg = Debug|Any CPU
		{BA5556F5-C670-4FA0-81A5-E5A3E0677A61}.Debug|Any CPU.Build.0 = Debug|Any CPU
		{BA5556F5-C670-4FA0-81A5-E5A3E0677A61}.Release|Any CPU.ActiveCfg = Release|Any CPU
		{BA5556F5-C670-4FA0-81A5-E5A3E0677A61}.Release|Any CPU.Build.0 = Release|Any CPU
		{4A22714C-EE07-4251-9585-044E89A77DEE}.Debug|Any CPU.ActiveCfg = Debug|Any CPU
		{4A22714C-EE07-4251-9585-044E89A77DEE}.Debug|Any CPU.Build.0 = Debug|Any CPU
		{4A22714C-EE07-4251-9585-044E89A77DEE}.Release|Any CPU.ActiveCfg = Release|Any CPU
		{4A22714C-EE07-4251-9585-044E89A77DEE}.Release|Any CPU.Build.0 = Release|Any CPU
	EndGlobalSection
	GlobalSection(SolutionProperties) = preSolution
		HideSolutionNode = FALSE
	EndGlobalSection
	GlobalSection(ExtensibilityGlobals) = postSolution
		SolutionGuid = {FC6256E4-044E-439E-9CDE-1315302BF974}
	EndGlobalSection
EndGlobal
